
Microsoft Visual Studio Solution File, Format Version 12.00
# Visual Studio 15
VisualStudioVersion = 15.0.26430.16
MinimumVisualStudioVersion = 10.0.40219.1
Project("{D954291E-2A0B-460D-934E-DC6B0785DB48}") = "AppCalc", "AppCalc\AppCalc\AppCalc.shproj", "{F0F14DDA-E1EC-4631-AD97-DC87CD772080}"
EndProject
Project("{FAE04EC0-301F-11D3-BF4B-00C04F79EFBC}") = "AppCalc.Android", "AppCalc\AppCalc.Android\AppCalc.Android.csproj", "{B7750A17-8F82-4BD8-B480-AEC7770B2D06}"
EndProject
Project("{FAE04EC0-301F-11D3-BF4B-00C04F79EFBC}") = "AppCalc.iOS", "AppCalc\AppCalc.iOS\AppCalc.iOS.csproj", "{AAC5A4B4-A71C-4C4C-981A-EC90EAD2E2F4}"
EndProject
Project("{FAE04EC0-301F-11D3-BF4B-00C04F79EFBC}") = "AppCalc.UWP", "AppCalc\AppCalc.UWP\AppCalc.UWP.csproj", "{66956901-42C0-45B2-851C-A18AC5B6E3D4}"
EndProject
Global
	GlobalSection(SharedMSBuildProjectFiles) = preSolution
		AppCalc\AppCalc\AppCalc.projitems*{aac5a4b4-a71c-4c4c-981a-ec90ead2e2f4}*SharedItemsImports = 4
		AppCalc\AppCalc\AppCalc.projitems*{b7750a17-8f82-4bd8-b480-aec7770b2d06}*SharedItemsImports = 4
		AppCalc\AppCalc\AppCalc.projitems*{f0f14dda-e1ec-4631-ad97-dc87cd772080}*SharedItemsImports = 13
	EndGlobalSection
	GlobalSection(SolutionConfigurationPlatforms) = preSolution
		Ad-Hoc|Any CPU = Ad-Hoc|Any CPU
		Ad-Hoc|ARM = Ad-Hoc|ARM
		Ad-Hoc|iPhone = Ad-Hoc|iPhone
		Ad-Hoc|iPhoneSimulator = Ad-Hoc|iPhoneSimulator
		Ad-Hoc|x64 = Ad-Hoc|x64
		Ad-Hoc|x86 = Ad-Hoc|x86
		AppStore|Any CPU = AppStore|Any CPU
		AppStore|ARM = AppStore|ARM
		AppStore|iPhone = AppStore|iPhone
		AppStore|iPhoneSimulator = AppStore|iPhoneSimulator
		AppStore|x64 = AppStore|x64
		AppStore|x86 = AppStore|x86
		Debug|Any CPU = Debug|Any CPU
		Debug|ARM = Debug|ARM
		Debug|iPhone = Debug|iPhone
		Debug|iPhoneSimulator = Debug|iPhoneSimulator
		Debug|x64 = Debug|x64
		Debug|x86 = Debug|x86
		Release|Any CPU = Release|Any CPU
		Release|ARM = Release|ARM
		Release|iPhone = Release|iPhone
		Release|iPhoneSimulator = Release|iPhoneSimulator
		Release|x64 = Release|x64
		Release|x86 = Release|x86
	EndGlobalSection
	GlobalSection(ProjectConfigurationPlatforms) = postSolution
		{B7750A17-8F82-4BD8-B480-AEC7770B2D06}.Ad-Hoc|Any CPU.ActiveCfg = Release|Any CPU
		{B7750A17-8F82-4BD8-B480-AEC7770B2D06}.Ad-Hoc|Any CPU.Build.0 = Release|Any CPU
		{B7750A17-8F82-4BD8-B480-AEC7770B2D06}.Ad-Hoc|Any CPU.Deploy.0 = Release|Any CPU
		{B7750A17-8F82-4BD8-B480-AEC7770B2D06}.Ad-Hoc|ARM.ActiveCfg = Release|Any CPU
		{B7750A17-8F82-4BD8-B480-AEC7770B2D06}.Ad-Hoc|ARM.Build.0 = Release|Any CPU
		{B7750A17-8F82-4BD8-B480-AEC7770B2D06}.Ad-Hoc|ARM.Deploy.0 = Release|Any CPU
		{B7750A17-8F82-4BD8-B480-AEC7770B2D06}.Ad-Hoc|iPhone.ActiveCfg = Release|Any CPU
		{B7750A17-8F82-4BD8-B480-AEC7770B2D06}.Ad-Hoc|iPhone.Build.0 = Release|Any CPU
		{B7750A17-8F82-4BD8-B480-AEC7770B2D06}.Ad-Hoc|iPhone.Deploy.0 = Release|Any CPU
		{B7750A17-8F82-4BD8-B480-AEC7770B2D06}.Ad-Hoc|iPhoneSimulator.ActiveCfg = Release|Any CPU
		{B7750A17-8F82-4BD8-B480-AEC7770B2D06}.Ad-Hoc|iPhoneSimulator.Build.0 = Release|Any CPU
		{B7750A17-8F82-4BD8-B480-AEC7770B2D06}.Ad-Hoc|iPhoneSimulator.Deploy.0 = Release|Any CPU
		{B7750A17-8F82-4BD8-B480-AEC7770B2D06}.Ad-Hoc|x64.ActiveCfg = Release|Any CPU
		{B7750A17-8F82-4BD8-B480-AEC7770B2D06}.Ad-Hoc|x64.Build.0 = Release|Any CPU
		{B7750A17-8F82-4BD8-B480-AEC7770B2D06}.Ad-Hoc|x64.Deploy.0 = Release|Any CPU
		{B7750A17-8F82-4BD8-B480-AEC7770B2D06}.Ad-Hoc|x86.ActiveCfg = Release|Any CPU
		{B7750A17-8F82-4BD8-B480-AEC7770B2D06}.Ad-Hoc|x86.Build.0 = Release|Any CPU
		{B7750A17-8F82-4BD8-B480-AEC7770B2D06}.Ad-Hoc|x86.Deploy.0 = Release|Any CPU
		{B7750A17-8F82-4BD8-B480-AEC7770B2D06}.AppStore|Any CPU.ActiveCfg = Release|Any CPU
		{B7750A17-8F82-4BD8-B480-AEC7770B2D06}.AppStore|Any CPU.Build.0 = Release|Any CPU
		{B7750A17-8F82-4BD8-B480-AEC7770B2D06}.AppStore|Any CPU.Deploy.0 = Release|Any CPU
		{B7750A17-8F82-4BD8-B480-AEC7770B2D06}.AppStore|ARM.ActiveCfg = Release|Any CPU
		{B7750A17-8F82-4BD8-B480-AEC7770B2D06}.AppStore|ARM.Build.0 = Release|Any CPU
		{B7750A17-8F82-4BD8-B480-AEC7770B2D06}.AppStore|ARM.Deploy.0 = Release|Any CPU
		{B7750A17-8F82-4BD8-B480-AEC7770B2D06}.AppStore|iPhone.ActiveCfg = Release|Any CPU
		{B7750A17-8F82-4BD8-B480-AEC7770B2D06}.AppStore|iPhone.Build.0 = Release|Any CPU
		{B7750A17-8F82-4BD8-B480-AEC7770B2D06}.AppStore|iPhone.Deploy.0 = Release|Any CPU
		{B7750A17-8F82-4BD8-B480-AEC7770B2D06}.AppStore|iPhoneSimulator.ActiveCfg = Release|Any CPU
		{B7750A17-8F82-4BD8-B480-AEC7770B2D06}.AppStore|iPhoneSimulator.Build.0 = Release|Any CPU
		{B7750A17-8F82-4BD8-B480-AEC7770B2D06}.AppStore|iPhoneSimulator.Deploy.0 = Release|Any CPU
		{B7750A17-8F82-4BD8-B480-AEC7770B2D06}.AppStore|x64.ActiveCfg = Release|Any CPU
		{B7750A17-8F82-4BD8-B480-AEC7770B2D06}.AppStore|x64.Build.0 = Release|Any CPU
		{B7750A17-8F82-4BD8-B480-AEC7770B2D06}.AppStore|x64.Deploy.0 = Release|Any CPU
		{B7750A17-8F82-4BD8-B480-AEC7770B2D06}.AppStore|x86.ActiveCfg = Release|Any CPU
		{B7750A17-8F82-4BD8-B480-AEC7770B2D06}.AppStore|x86.Build.0 = Release|Any CPU
		{B7750A17-8F82-4BD8-B480-AEC7770B2D06}.AppStore|x86.Deploy.0 = Release|Any CPU
		{B7750A17-8F82-4BD8-B480-AEC7770B2D06}.Debug|Any CPU.ActiveCfg = Debug|Any CPU
		{B7750A17-8F82-4BD8-B480-AEC7770B2D06}.Debug|Any CPU.Build.0 = Debug|Any CPU
		{B7750A17-8F82-4BD8-B480-AEC7770B2D06}.Debug|Any CPU.Deploy.0 = Debug|Any CPU
		{B7750A17-8F82-4BD8-B480-AEC7770B2D06}.Debug|ARM.ActiveCfg = Debug|Any CPU
		{B7750A17-8F82-4BD8-B480-AEC7770B2D06}.Debug|ARM.Build.0 = Debug|Any CPU
		{B7750A17-8F82-4BD8-B480-AEC7770B2D06}.Debug|ARM.Deploy.0 = Debug|Any CPU
		{B7750A17-8F82-4BD8-B480-AEC7770B2D06}.Debug|iPhone.ActiveCfg = Debug|Any CPU
		{B7750A17-8F82-4BD8-B480-AEC7770B2D06}.Debug|iPhone.Build.0 = Debug|Any CPU
		{B7750A17-8F82-4BD8-B480-AEC7770B2D06}.Debug|iPhone.Deploy.0 = Debug|Any CPU
		{B7750A17-8F82-4BD8-B480-AEC7770B2D06}.Debug|iPhoneSimulator.ActiveCfg = Debug|Any CPU
		{B7750A17-8F82-4BD8-B480-AEC7770B2D06}.Debug|iPhoneSimulator.Build.0 = Debug|Any CPU
		{B7750A17-8F82-4BD8-B480-AEC7770B2D06}.Debug|iPhoneSimulator.Deploy.0 = Debug|Any CPU
		{B7750A17-8F82-4BD8-B480-AEC7770B2D06}.Debug|x64.ActiveCfg = Debug|Any CPU
		{B7750A17-8F82-4BD8-B480-AEC7770B2D06}.Debug|x64.Build.0 = Debug|Any CPU
		{B7750A17-8F82-4BD8-B480-AEC7770B2D06}.Debug|x64.Deploy.0 = Debug|Any CPU
		{B7750A17-8F82-4BD8-B480-AEC7770B2D06}.Debug|x86.ActiveCfg = Debug|Any CPU
		{B7750A17-8F82-4BD8-B480-AEC7770B2D06}.Debug|x86.Build.0 = Debug|Any CPU
		{B7750A17-8F82-4BD8-B480-AEC7770B2D06}.Debug|x86.Deploy.0 = Debug|Any CPU
		{B7750A17-8F82-4BD8-B480-AEC7770B2D06}.Release|Any CPU.ActiveCfg = Release|Any CPU
		{B7750A17-8F82-4BD8-B480-AEC7770B2D06}.Release|Any CPU.Build.0 = Release|Any CPU
		{B7750A17-8F82-4BD8-B480-AEC7770B2D06}.Release|Any CPU.Deploy.0 = Release|Any CPU
		{B7750A17-8F82-4BD8-B480-AEC7770B2D06}.Release|ARM.ActiveCfg = Release|Any CPU
		{B7750A17-8F82-4BD8-B480-AEC7770B2D06}.Release|ARM.Build.0 = Release|Any CPU
		{B7750A17-8F82-4BD8-B480-AEC7770B2D06}.Release|ARM.Deploy.0 = Release|Any CPU
		{B7750A17-8F82-4BD8-B480-AEC7770B2D06}.Release|iPhone.ActiveCfg = Release|Any CPU
		{B7750A17-8F82-4BD8-B480-AEC7770B2D06}.Release|iPhone.Build.0 = Release|Any CPU
		{B7750A17-8F82-4BD8-B480-AEC7770B2D06}.Release|iPhone.Deploy.0 = Release|Any CPU
		{B7750A17-8F82-4BD8-B480-AEC7770B2D06}.Release|iPhoneSimulator.ActiveCfg = Release|Any CPU
		{B7750A17-8F82-4BD8-B480-AEC7770B2D06}.Release|iPhoneSimulator.Build.0 = Release|Any CPU
		{B7750A17-8F82-4BD8-B480-AEC7770B2D06}.Release|iPhoneSimulator.Deploy.0 = Release|Any CPU
		{B7750A17-8F82-4BD8-B480-AEC7770B2D06}.Release|x64.ActiveCfg = Release|Any CPU
		{B7750A17-8F82-4BD8-B480-AEC7770B2D06}.Release|x64.Build.0 = Release|Any CPU
		{B7750A17-8F82-4BD8-B480-AEC7770B2D06}.Release|x64.Deploy.0 = Release|Any CPU
		{B7750A17-8F82-4BD8-B480-AEC7770B2D06}.Release|x86.ActiveCfg = Release|Any CPU
		{B7750A17-8F82-4BD8-B480-AEC7770B2D06}.Release|x86.Build.0 = Release|Any CPU
		{B7750A17-8F82-4BD8-B480-AEC7770B2D06}.Release|x86.Deploy.0 = Release|Any CPU
		{AAC5A4B4-A71C-4C4C-981A-EC90EAD2E2F4}.Ad-Hoc|Any CPU.ActiveCfg = Ad-Hoc|iPhone
		{AAC5A4B4-A71C-4C4C-981A-EC90EAD2E2F4}.Ad-Hoc|ARM.ActiveCfg = Ad-Hoc|iPhone
		{AAC5A4B4-A71C-4C4C-981A-EC90EAD2E2F4}.Ad-Hoc|iPhone.ActiveCfg = Ad-Hoc|iPhone
		{AAC5A4B4-A71C-4C4C-981A-EC90EAD2E2F4}.Ad-Hoc|iPhone.Build.0 = Ad-Hoc|iPhone
		{AAC5A4B4-A71C-4C4C-981A-EC90EAD2E2F4}.Ad-Hoc|iPhoneSimulator.ActiveCfg = Ad-Hoc|iPhoneSimulator
		{AAC5A4B4-A71C-4C4C-981A-EC90EAD2E2F4}.Ad-Hoc|iPhoneSimulator.Build.0 = Ad-Hoc|iPhoneSimulator
		{AAC5A4B4-A71C-4C4C-981A-EC90EAD2E2F4}.Ad-Hoc|x64.ActiveCfg = Ad-Hoc|iPhone
		{AAC5A4B4-A71C-4C4C-981A-EC90EAD2E2F4}.Ad-Hoc|x86.ActiveCfg = Ad-Hoc|iPhone
		{AAC5A4B4-A71C-4C4C-981A-EC90EAD2E2F4}.AppStore|Any CPU.ActiveCfg = AppStore|iPhone
		{AAC5A4B4-A71C-4C4C-981A-EC90EAD2E2F4}.AppStore|ARM.ActiveCfg = AppStore|iPhone
		{AAC5A4B4-A71C-4C4C-981A-EC90EAD2E2F4}.AppStore|iPhone.ActiveCfg = AppStore|iPhone
		{AAC5A4B4-A71C-4C4C-981A-EC90EAD2E2F4}.AppStore|iPhone.Build.0 = AppStore|iPhone
		{AAC5A4B4-A71C-4C4C-981A-EC90EAD2E2F4}.AppStore|iPhoneSimulator.ActiveCfg = AppStore|iPhoneSimulator
		{AAC5A4B4-A71C-4C4C-981A-EC90EAD2E2F4}.AppStore|iPhoneSimulator.Build.0 = AppStore|iPhoneSimulator
		{AAC5A4B4-A71C-4C4C-981A-EC90EAD2E2F4}.AppStore|x64.ActiveCfg = AppStore|iPhone
		{AAC5A4B4-A71C-4C4C-981A-EC90EAD2E2F4}.AppStore|x86.ActiveCfg = AppStore|iPhone
		{AAC5A4B4-A71C-4C4C-981A-EC90EAD2E2F4}.Debug|Any CPU.ActiveCfg = Debug|iPhone
		{AAC5A4B4-A71C-4C4C-981A-EC90EAD2E2F4}.Debug|ARM.ActiveCfg = Debug|iPhone
		{AAC5A4B4-A71C-4C4C-981A-EC90EAD2E2F4}.Debug|iPhone.ActiveCfg = Debug|iPhone
		{AAC5A4B4-A71C-4C4C-981A-EC90EAD2E2F4}.Debug|iPhone.Build.0 = Debug|iPhone
		{AAC5A4B4-A71C-4C4C-981A-EC90EAD2E2F4}.Debug|iPhoneSimulator.ActiveCfg = Debug|iPhoneSimulator
		{AAC5A4B4-A71C-4C4C-981A-EC90EAD2E2F4}.Debug|iPhoneSimulator.Build.0 = Debug|iPhoneSimulator
		{AAC5A4B4-A71C-4C4C-981A-EC90EAD2E2F4}.Debug|x64.ActiveCfg = Debug|iPhone
		{AAC5A4B4-A71C-4C4C-981A-EC90EAD2E2F4}.Debug|x86.ActiveCfg = Debug|iPhone
		{AAC5A4B4-A71C-4C4C-981A-EC90EAD2E2F4}.Release|Any CPU.ActiveCfg = Release|iPhone
		{AAC5A4B4-A71C-4C4C-981A-EC90EAD2E2F4}.Release|ARM.ActiveCfg = Release|iPhone
		{AAC5A4B4-A71C-4C4C-981A-EC90EAD2E2F4}.Release|iPhone.ActiveCfg = Release|iPhone
		{AAC5A4B4-A71C-4C4C-981A-EC90EAD2E2F4}.Release|iPhone.Build.0 = Release|iPhone
		{AAC5A4B4-A71C-4C4C-981A-EC90EAD2E2F4}.Release|iPhoneSimulator.ActiveCfg = Release|iPhoneSimulator
		{AAC5A4B4-A71C-4C4C-981A-EC90EAD2E2F4}.Release|iPhoneSimulator.Build.0 = Release|iPhoneSimulator
		{AAC5A4B4-A71C-4C4C-981A-EC90EAD2E2F4}.Release|x64.ActiveCfg = Release|iPhone
		{AAC5A4B4-A71C-4C4C-981A-EC90EAD2E2F4}.Release|x86.ActiveCfg = Release|iPhone
		{66956901-42C0-45B2-851C-A18AC5B6E3D4}.Ad-Hoc|Any CPU.ActiveCfg = Release|x86
		{66956901-42C0-45B2-851C-A18AC5B6E3D4}.Ad-Hoc|Any CPU.Build.0 = Release|x86
		{66956901-42C0-45B2-851C-A18AC5B6E3D4}.Ad-Hoc|Any CPU.Deploy.0 = Release|x86
		{66956901-42C0-45B2-851C-A18AC5B6E3D4}.Ad-Hoc|ARM.ActiveCfg = Release|ARM
		{66956901-42C0-45B2-851C-A18AC5B6E3D4}.Ad-Hoc|ARM.Build.0 = Release|ARM
		{66956901-42C0-45B2-851C-A18AC5B6E3D4}.Ad-Hoc|ARM.Deploy.0 = Release|ARM
		{66956901-42C0-45B2-851C-A18AC5B6E3D4}.Ad-Hoc|iPhone.ActiveCfg = Release|x86
		{66956901-42C0-45B2-851C-A18AC5B6E3D4}.Ad-Hoc|iPhone.Build.0 = Release|x86
		{66956901-42C0-45B2-851C-A18AC5B6E3D4}.Ad-Hoc|iPhone.Deploy.0 = Release|x86
		{66956901-42C0-45B2-851C-A18AC5B6E3D4}.Ad-Hoc|iPhoneSimulator.ActiveCfg = Release|x86
		{66956901-42C0-45B2-851C-A18AC5B6E3D4}.Ad-Hoc|iPhoneSimulator.Build.0 = Release|x86
		{66956901-42C0-45B2-851C-A18AC5B6E3D4}.Ad-Hoc|iPhoneSimulator.Deploy.0 = Release|x86
		{66956901-42C0-45B2-851C-A18AC5B6E3D4}.Ad-Hoc|x64.ActiveCfg = Release|x64
		{66956901-42C0-45B2-851C-A18AC5B6E3D4}.Ad-Hoc|x64.Build.0 = Release|x64
		{66956901-42C0-45B2-851C-A18AC5B6E3D4}.Ad-Hoc|x64.Deploy.0 = Release|x64
		{66956901-42C0-45B2-851C-A18AC5B6E3D4}.Ad-Hoc|x86.ActiveCfg = Release|x86
		{66956901-42C0-45B2-851C-A18AC5B6E3D4}.Ad-Hoc|x86.Build.0 = Release|x86
		{66956901-42C0-45B2-851C-A18AC5B6E3D4}.Ad-Hoc|x86.Deploy.0 = Release|x86
		{66956901-42C0-45B2-851C-A18AC5B6E3D4}.AppStore|Any CPU.ActiveCfg = Release|x86
		{66956901-42C0-45B2-851C-A18AC5B6E3D4}.AppStore|Any CPU.Build.0 = Release|x86
		{66956901-42C0-45B2-851C-A18AC5B6E3D4}.AppStore|Any CPU.Deploy.0 = Release|x86
		{66956901-42C0-45B2-851C-A18AC5B6E3D4}.AppStore|ARM.ActiveCfg = Release|ARM
		{66956901-42C0-45B2-851C-A18AC5B6E3D4}.AppStore|ARM.Build.0 = Release|ARM
		{66956901-42C0-45B2-851C-A18AC5B6E3D4}.AppStore|ARM.Deploy.0 = Release|ARM
		{66956901-42C0-45B2-851C-A18AC5B6E3D4}.AppStore|iPhone.ActiveCfg = Release|x86
		{66956901-42C0-45B2-851C-A18AC5B6E3D4}.AppStore|iPhone.Build.0 = Release|x86
		{66956901-42C0-45B2-851C-A18AC5B6E3D4}.AppStore|iPhone.Deploy.0 = Release|x86
		{66956901-42C0-45B2-851C-A18AC5B6E3D4}.AppStore|iPhoneSimulator.ActiveCfg = Release|x86
		{66956901-42C0-45B2-851C-A18AC5B6E3D4}.AppStore|iPhoneSimulator.Build.0 = Release|x86
		{66956901-42C0-45B2-851C-A18AC5B6E3D4}.AppStore|iPhoneSimulator.Deploy.0 = Release|x86
		{66956901-42C0-45B2-851C-A18AC5B6E3D4}.AppStore|x64.ActiveCfg = Release|x64
		{66956901-42C0-45B2-851C-A18AC5B6E3D4}.AppStore|x64.Build.0 = Release|x64
		{66956901-42C0-45B2-851C-A18AC5B6E3D4}.AppStore|x64.Deploy.0 = Release|x64
		{66956901-42C0-45B2-851C-A18AC5B6E3D4}.AppStore|x86.ActiveCfg = Release|x86
		{66956901-42C0-45B2-851C-A18AC5B6E3D4}.AppStore|x86.Build.0 = Release|x86
		{66956901-42C0-45B2-851C-A18AC5B6E3D4}.AppStore|x86.Deploy.0 = Release|x86
		{66956901-42C0-45B2-851C-A18AC5B6E3D4}.Debug|Any CPU.ActiveCfg = Debug|x86
		{66956901-42C0-45B2-851C-A18AC5B6E3D4}.Debug|ARM.ActiveCfg = Debug|ARM
		{66956901-42C0-45B2-851C-A18AC5B6E3D4}.Debug|ARM.Build.0 = Debug|ARM
		{66956901-42C0-45B2-851C-A18AC5B6E3D4}.Debug|ARM.Deploy.0 = Debug|ARM
		{66956901-42C0-45B2-851C-A18AC5B6E3D4}.Debug|iPhone.ActiveCfg = Debug|x86
		{66956901-42C0-45B2-851C-A18AC5B6E3D4}.Debug|iPhoneSimulator.ActiveCfg = Debug|x86
		{66956901-42C0-45B2-851C-A18AC5B6E3D4}.Debug|x64.ActiveCfg = Debug|x64
		{66956901-42C0-45B2-851C-A18AC5B6E3D4}.Debug|x64.Build.0 = Debug|x64
		{66956901-42C0-45B2-851C-A18AC5B6E3D4}.Debug|x64.Deploy.0 = Debug|x64
		{66956901-42C0-45B2-851C-A18AC5B6E3D4}.Debug|x86.ActiveCfg = Debug|x86
		{66956901-42C0-45B2-851C-A18AC5B6E3D4}.Debug|x86.Build.0 = Debug|x86
		{66956901-42C0-45B2-851C-A18AC5B6E3D4}.Debug|x86.Deploy.0 = Debug|x86
		{66956901-42C0-45B2-851C-A18AC5B6E3D4}.Release|Any CPU.ActiveCfg = Release|x86
		{66956901-42C0-45B2-851C-A18AC5B6E3D4}.Release|ARM.ActiveCfg = Release|ARM
		{66956901-42C0-45B2-851C-A18AC5B6E3D4}.Release|ARM.Build.0 = Release|ARM
		{66956901-42C0-45B2-851C-A18AC5B6E3D4}.Release|ARM.Deploy.0 = Release|ARM
		{66956901-42C0-45B2-851C-A18AC5B6E3D4}.Release|iPhone.ActiveCfg = Release|x86
		{66956901-42C0-45B2-851C-A18AC5B6E3D4}.Release|iPhoneSimulator.ActiveCfg = Release|x86
		{66956901-42C0-45B2-851C-A18AC5B6E3D4}.Release|x64.ActiveCfg = Release|x64
		{66956901-42C0-45B2-851C-A18AC5B6E3D4}.Release|x64.Build.0 = Release|x64
		{66956901-42C0-45B2-851C-A18AC5B6E3D4}.Release|x64.Deploy.0 = Release|x64
		{66956901-42C0-45B2-851C-A18AC5B6E3D4}.Release|x86.ActiveCfg = Release|x86
		{66956901-42C0-45B2-851C-A18AC5B6E3D4}.Release|x86.Build.0 = Release|x86
		{66956901-42C0-45B2-851C-A18AC5B6E3D4}.Release|x86.Deploy.0 = Release|x86
	EndGlobalSection
	GlobalSection(SolutionProperties) = preSolution
		HideSolutionNode = FALSE
	EndGlobalSection
EndGlobal
